// !$*UTF8*$!
{
	archiveVersion = 1;
	classes = {
	};
	objectVersion = 56;
	objects = {

/* Begin PBXBuildFile section */
		5542FEE714433680C2027C89 /* Pods_Alamofire_Practice.framework in Frameworks */ = {isa = PBXBuildFile; fileRef = 158383B305CD3261789103D5 /* Pods_Alamofire_Practice.framework */; };
		EA838FFA2A1767E300B0D8FD /* AppDelegate.swift in Sources */ = {isa = PBXBuildFile; fileRef = EA838FF92A1767E300B0D8FD /* AppDelegate.swift */; };
		EA838FFC2A1767E300B0D8FD /* SceneDelegate.swift in Sources */ = {isa = PBXBuildFile; fileRef = EA838FFB2A1767E300B0D8FD /* SceneDelegate.swift */; };
		EA838FFE2A1767E300B0D8FD /* ViewController.swift in Sources */ = {isa = PBXBuildFile; fileRef = EA838FFD2A1767E300B0D8FD /* ViewController.swift */; };
		EA8390012A1767E300B0D8FD /* Main.storyboard in Resources */ = {isa = PBXBuildFile; fileRef = EA838FFF2A1767E300B0D8FD /* Main.storyboard */; };
		EA8390032A1767E400B0D8FD /* Assets.xcassets in Resources */ = {isa = PBXBuildFile; fileRef = EA8390022A1767E400B0D8FD /* Assets.xcassets */; };
		EA8390062A1767E400B0D8FD /* LaunchScreen.storyboard in Resources */ = {isa = PBXBuildFile; fileRef = EA8390042A1767E400B0D8FD /* LaunchScreen.storyboard */; };
		EA8390112A1769EF00B0D8FD /* AlamofirePractice.swift in Sources */ = {isa = PBXBuildFile; fileRef = EA8390102A1769EF00B0D8FD /* AlamofirePractice.swift */; };
		EA8390132A176BB000B0D8FD /* TableViewCell.swift in Sources */ = {isa = PBXBuildFile; fileRef = EA8390122A176BB000B0D8FD /* TableViewCell.swift */; };
/* End PBXBuildFile section */

/* Begin PBXFileReference section */
		0BA81BF3144EF705C7526257 /* Pods-Alamofire_Practice.release.xcconfig */ = {isa = PBXFileReference; includeInIndex = 1; lastKnownFileType = text.xcconfig; name = "Pods-Alamofire_Practice.release.xcconfig"; path = "Target Support Files/Pods-Alamofire_Practice/Pods-Alamofire_Practice.release.xcconfig"; sourceTree = "<group>"; };
		158383B305CD3261789103D5 /* Pods_Alamofire_Practice.framework */ = {isa = PBXFileReference; explicitFileType = wrapper.framework; includeInIndex = 0; path = Pods_Alamofire_Practice.framework; sourceTree = BUILT_PRODUCTS_DIR; };
		24F63305B3D89EA4CA3EFBF8 /* Pods-Alamofire_Practice.debug.xcconfig */ = {isa = PBXFileReference; includeInIndex = 1; lastKnownFileType = text.xcconfig; name = "Pods-Alamofire_Practice.debug.xcconfig"; path = "Target Support Files/Pods-Alamofire_Practice/Pods-Alamofire_Practice.debug.xcconfig"; sourceTree = "<group>"; };
		EA838FF62A1767E300B0D8FD /* Alamofire_Practice.app */ = {isa = PBXFileReference; explicitFileType = wrapper.application; includeInIndex = 0; path = Alamofire_Practice.app; sourceTree = BUILT_PRODUCTS_DIR; };
		EA838FF92A1767E300B0D8FD /* AppDelegate.swift */ = {isa = PBXFileReference; lastKnownFileType = sourcecode.swift; path = AppDelegate.swift; sourceTree = "<group>"; };
		EA838FFB2A1767E300B0D8FD /* SceneDelegate.swift */ = {isa = PBXFileReference; lastKnownFileType = sourcecode.swift; path = SceneDelegate.swift; sourceTree = "<group>"; };
		EA838FFD2A1767E300B0D8FD /* ViewController.swift */ = {isa = PBXFileReference; lastKnownFileType = sourcecode.swift; path = ViewController.swift; sourceTree = "<group>"; };
		EA8390002A1767E300B0D8FD /* Base */ = {isa = PBXFileReference; lastKnownFileType = file.storyboard; name = Base; path = Base.lproj/Main.storyboard; sourceTree = "<group>"; };
		EA8390022A1767E400B0D8FD /* Assets.xcassets */ = {isa = PBXFileReference; lastKnownFileType = folder.assetcatalog; path = Assets.xcassets; sourceTree = "<group>"; };
		EA8390052A1767E400B0D8FD /* Base */ = {isa = PBXFileReference; lastKnownFileType = file.storyboard; name = Base; path = Base.lproj/LaunchScreen.storyboard; sourceTree = "<group>"; };
		EA8390072A1767E400B0D8FD /* Info.plist */ = {isa = PBXFileReference; lastKnownFileType = text.plist.xml; path = Info.plist; sourceTree = "<group>"; };
		EA8390102A1769EF00B0D8FD /* AlamofirePractice.swift */ = {isa = PBXFileReference; lastKnownFileType = sourcecode.swift; path = AlamofirePractice.swift; sourceTree = "<group>"; };
		EA8390122A176BB000B0D8FD /* TableViewCell.swift */ = {isa = PBXFileReference; lastKnownFileType = sourcecode.swift; path = TableViewCell.swift; sourceTree = "<group>"; };
/* End PBXFileReference section */

/* Begin PBXFrameworksBuildPhase section */
		EA838FF32A1767E300B0D8FD /* Frameworks */ = {
			isa = PBXFrameworksBuildPhase;
			buildActionMask = 2147483647;
			files = (
				5542FEE714433680C2027C89 /* Pods_Alamofire_Practice.framework in Frameworks */,
			);
			runOnlyForDeploymentPostprocessing = 0;
		};
/* End PBXFrameworksBuildPhase section */

/* Begin PBXGroup section */
		272A61E2C0506DB08B115416 /* Pods */ = {
			isa = PBXGroup;
			children = (
				24F63305B3D89EA4CA3EFBF8 /* Pods-Alamofire_Practice.debug.xcconfig */,
				0BA81BF3144EF705C7526257 /* Pods-Alamofire_Practice.release.xcconfig */,
			);
			path = Pods;
			sourceTree = "<group>";
		};
		4709DBC6E3597ABEFDB3722D /* Frameworks */ = {
			isa = PBXGroup;
			children = (
				158383B305CD3261789103D5 /* Pods_Alamofire_Practice.framework */,
			);
			name = Frameworks;
			sourceTree = "<group>";
		};
		EA838FED2A1767E300B0D8FD = {
			isa = PBXGroup;
			children = (
				EA838FF82A1767E300B0D8FD /* Alamofire_Practice */,
				EA838FF72A1767E300B0D8FD /* Products */,
				272A61E2C0506DB08B115416 /* Pods */,
				4709DBC6E3597ABEFDB3722D /* Frameworks */,
			);
			sourceTree = "<group>";
		};
		EA838FF72A1767E300B0D8FD /* Products */ = {
			isa = PBXGroup;
			children = (
				EA838FF62A1767E300B0D8FD /* Alamofire_Practice.app */,
			);
			name = Products;
			sourceTree = "<group>";
		};
		EA838FF82A1767E300B0D8FD /* Alamofire_Practice */ = {
			isa = PBXGroup;
			children = (
				EA838FF92A1767E300B0D8FD /* AppDelegate.swift */,
				EA838FFB2A1767E300B0D8FD /* SceneDelegate.swift */,
				EA83900F2A1769E400B0D8FD /* Model */,
				EA83900D2A1769D600B0D8FD /* View */,
				EA83900E2A1769DD00B0D8FD /* Controller */,
				EA8390022A1767E400B0D8FD /* Assets.xcassets */,
				EA8390072A1767E400B0D8FD /* Info.plist */,
			);
			path = Alamofire_Practice;
			sourceTree = "<group>";
		};
		EA83900D2A1769D600B0D8FD /* View */ = {
			isa = PBXGroup;
			children = (
				EA838FFF2A1767E300B0D8FD /* Main.storyboard */,
				EA8390042A1767E400B0D8FD /* LaunchScreen.storyboard */,
				EA8390122A176BB000B0D8FD /* TableViewCell.swift */,
			);
			path = View;
			sourceTree = "<group>";
		};
		EA83900E2A1769DD00B0D8FD /* Controller */ = {
			isa = PBXGroup;
			children = (
				EA838FFD2A1767E300B0D8FD /* ViewController.swift */,
			);
			path = Controller;
			sourceTree = "<group>";
		};
		EA83900F2A1769E400B0D8FD /* Model */ = {
			isa = PBXGroup;
			children = (
				EA8390102A1769EF00B0D8FD /* AlamofirePractice.swift */,
			);
			path = Model;
			sourceTree = "<group>";
		};
/* End PBXGroup section */

/* Begin PBXNativeTarget section */
		EA838FF52A1767E300B0D8FD /* Alamofire_Practice */ = {
			isa = PBXNativeTarget;
			buildConfigurationList = EA83900A2A1767E400B0D8FD /* Build configuration list for PBXNativeTarget "Alamofire_Practice" */;
			buildPhases = (
				4CF4D555C2DDD619E9AEB054 /* [CP] Check Pods Manifest.lock */,
				EA838FF22A1767E300B0D8FD /* Sources */,
				EA838FF32A1767E300B0D8FD /* Frameworks */,
				EA838FF42A1767E300B0D8FD /* Resources */,
				2A978C5FA30FD440D8E2272F /* [CP] Embed Pods Frameworks */,
			);
			buildRules = (
			);
			dependencies = (
			);
			name = Alamofire_Practice;
			productName = Alamofire_Practice;
			productReference = EA838FF62A1767E300B0D8FD /* Alamofire_Practice.app */;
			productType = "com.apple.product-type.application";
		};
/* End PBXNativeTarget section */

/* Begin PBXProject section */
		EA838FEE2A1767E300B0D8FD /* Project object */ = {
			isa = PBXProject;
			attributes = {
				BuildIndependentTargetsInParallel = 1;
				LastSwiftUpdateCheck = 1430;
				LastUpgradeCheck = 1430;
				TargetAttributes = {
					EA838FF52A1767E300B0D8FD = {
						CreatedOnToolsVersion = 14.3;
					};
				};
			};
			buildConfigurationList = EA838FF12A1767E300B0D8FD /* Build configuration list for PBXProject "Alamofire_Practice" */;
			compatibilityVersion = "Xcode 14.0";
			developmentRegion = en;
			hasScannedForEncodings = 0;
			knownRegions = (
				en,
				Base,
			);
			mainGroup = EA838FED2A1767E300B0D8FD;
			productRefGroup = EA838FF72A1767E300B0D8FD /* Products */;
			projectDirPath = "";
			projectRoot = "";
			targets = (
				EA838FF52A1767E300B0D8FD /* Alamofire_Practice */,
			);
		};
/* End PBXProject section */

/* Begin PBXResourcesBuildPhase section */
		EA838FF42A1767E300B0D8FD /* Resources */ = {
			isa = PBXResourcesBuildPhase;
			buildActionMask = 2147483647;
			files = (
				EA8390062A1767E400B0D8FD /* LaunchScreen.storyboard in Resources */,
				EA8390032A1767E400B0D8FD /* Assets.xcassets in Resources */,
				EA8390012A1767E300B0D8FD /* Main.storyboard in Resources */,
			);
			runOnlyForDeploymentPostprocessing = 0;
		};
/* End PBXResourcesBuildPhase section */

/* Begin PBXShellScriptBuildPhase section */
		2A978C5FA30FD440D8E2272F /* [CP] Embed Pods Frameworks */ = {
			isa = PBXShellScriptBuildPhase;
			buildActionMask = 2147483647;
			files = (
			);
			inputFileListPaths = (
				"${PODS_ROOT}/Target Support Files/Pods-Alamofire_Practice/Pods-Alamofire_Practice-frameworks-${CONFIGURATION}-input-files.xcfilelist",
			);
			name = "[CP] Embed Pods Frameworks";
			outputFileListPaths = (
				"${PODS_ROOT}/Target Support Files/Pods-Alamofire_Practice/Pods-Alamofire_Practice-frameworks-${CONFIGURATION}-output-files.xcfilelist",
			);
			runOnlyForDeploymentPostprocessing = 0;
			shellPath = /bin/sh;
			shellScript = "\"${PODS_ROOT}/Target Support Files/Pods-Alamofire_Practice/Pods-Alamofire_Practice-frameworks.sh\"\n";
			showEnvVarsInLog = 0;
		};
		4CF4D555C2DDD619E9AEB054 /* [CP] Check Pods Manifest.lock */ = {
			isa = PBXShellScriptBuildPhase;
			buildActionMask = 2147483647;
			files = (
			);
			inputFileListPaths = (
			);
			inputPaths = (
				"${PODS_PODFILE_DIR_PATH}/Podfile.lock",
				"${PODS_ROOT}/Manifest.lock",
			);
			name = "[CP] Check Pods Manifest.lock";
			outputFileListPaths = (
			);
			outputPaths = (
				"$(DERIVED_FILE_DIR)/Pods-Alamofire_Practice-checkManifestLockResult.txt",
			);
			runOnlyForDeploymentPostprocessing = 0;
			shellPath = /bin/sh;
			shellScript = "diff \"${PODS_PODFILE_DIR_PATH}/Podfile.lock\" \"${PODS_ROOT}/Manifest.lock\" > /dev/null\nif [ $? != 0 ] ; then\n    # print error to STDERR\n    echo \"error: The sandbox is not in sync with the Podfile.lock. Run 'pod install' or update your CocoaPods installation.\" >&2\n    exit 1\nfi\n# This output is used by Xcode 'outputs' to avoid re-running this script phase.\necho \"SUCCESS\" > \"${SCRIPT_OUTPUT_FILE_0}\"\n";
			showEnvVarsInLog = 0;
		};
/* End PBXShellScriptBuildPhase section */

/* Begin PBXSourcesBuildPhase section */
		EA838FF22A1767E300B0D8FD /* Sources */ = {
			isa = PBXSourcesBuildPhase;
			buildActionMask = 2147483647;
			files = (
				EA8390132A176BB000B0D8FD /* TableViewCell.swift in Sources */,
				EA838FFE2A1767E300B0D8FD /* ViewController.swift in Sources */,
				EA8390112A1769EF00B0D8FD /* AlamofirePractice.swift in Sources */,
				EA838FFA2A1767E300B0D8FD /* AppDelegate.swift in Sources */,
				EA838FFC2A1767E300B0D8FD /* SceneDelegate.swift in Sources */,
			);
			runOnlyForDeploymentPostprocessing = 0;
		};
/* End PBXSourcesBuildPhase section */

/* Begin PBXVariantGroup section */
		EA838FFF2A1767E300B0D8FD /* Main.storyboard */ = {
			isa = PBXVariantGroup;
			children = (
				EA8390002A1767E300B0D8FD /* Base */,
			);
			name = Main.storyboard;
			sourceTree = "<group>";
		};
		EA8390042A1767E400B0D8FD /* LaunchScreen.storyboard */ = {
			isa = PBXVariantGroup;
			children = (
				EA8390052A1767E400B0D8FD /* Base */,
			);
			name = LaunchScreen.storyboard;
			sourceTree = "<group>";
		};
/* End PBXVariantGroup section */

/* Begin XCBuildConfiguration section */
		EA8390082A1767E400B0D8FD /* Debug */ = {
			isa = XCBuildConfiguration;
			buildSettings = {
				ALWAYS_SEARCH_USER_PATHS = NO;
				CLANG_ANALYZER_NONNULL = YES;
				CLANG_ANALYZER_NUMBER_OBJECT_CONVERSION = YES_AGGRESSIVE;
				CLANG_CXX_LANGUAGE_STANDARD = "gnu++20";
				CLANG_ENABLE_MODULES = YES;
				CLANG_ENABLE_OBJC_ARC = YES;
				CLANG_ENABLE_OBJC_WEAK = YES;
				CLANG_WARN_BLOCK_CAPTURE_AUTORELEASING = YES;
				CLANG_WARN_BOOL_CONVERSION = YES;
				CLANG_WARN_COMMA = YES;
				CLANG_WARN_CONSTANT_CONVERSION = YES;
				CLANG_WARN_DEPRECATED_OBJC_IMPLEMENTATIONS = YES;
				CLANG_WARN_DIRECT_OBJC_ISA_USAGE = YES_ERROR;
				CLANG_WARN_DOCUMENTATION_COMMENTS = YES;
				CLANG_WARN_EMPTY_BODY = YES;
				CLANG_WARN_ENUM_CONVERSION = YES;
				CLANG_WARN_INFINITE_RECURSION = YES;
				CLANG_WARN_INT_CONVERSION = YES;
				CLANG_WARN_NON_LITERAL_NULL_CONVERSION = YES;
				CLANG_WARN_OBJC_IMPLICIT_RETAIN_SELF = YES;
				CLANG_WARN_OBJC_LITERAL_CONVERSION = YES;
				CLANG_WARN_OBJC_ROOT_CLASS = YES_ERROR;
				CLANG_WARN_QUOTED_INCLUDE_IN_FRAMEWORK_HEADER = YES;
				CLANG_WARN_RANGE_LOOP_ANALYSIS = YES;
				CLANG_WARN_STRICT_PROTOTYPES = YES;
				CLANG_WARN_SUSPICIOUS_MOVE = YES;
				CLANG_WARN_UNGUARDED_AVAILABILITY = YES_AGGRESSIVE;
				CLANG_WARN_UNREACHABLE_CODE = YES;
				CLANG_WARN__DUPLICATE_METHOD_MATCH = YES;
				COPY_PHASE_STRIP = NO;
				DEBUG_INFORMATION_FORMAT = dwarf;
				ENABLE_STRICT_OBJC_MSGSEND = YES;
				ENABLE_TESTABILITY = YES;
				GCC_C_LANGUAGE_STANDARD = gnu11;
				GCC_DYNAMIC_NO_PIC = NO;
				GCC_NO_COMMON_BLOCKS = YES;
				GCC_OPTIMIZATION_LEVEL = 0;
				GCC_PREPROCESSOR_DEFINITIONS = (
					"DEBUG=1",
					"$(inherited)",
				);
				GCC_WARN_64_TO_32_BIT_CONVERSION = YES;
				GCC_WARN_ABOUT_RETURN_TYPE = YES_ERROR;
				GCC_WARN_UNDECLARED_SELECTOR = YES;
				GCC_WARN_UNINITIALIZED_AUTOS = YES_AGGRESSIVE;
				GCC_WARN_UNUSED_FUNCTION = YES;
				GCC_WARN_UNUSED_VARIABLE = YES;
				IPHONEOS_DEPLOYMENT_TARGET = 16.4;
				MTL_ENABLE_DEBUG_INFO = INCLUDE_SOURCE;
				MTL_FAST_MATH = YES;
				ONLY_ACTIVE_ARCH = YES;
				SDKROOT = iphoneos;
				SWIFT_ACTIVE_COMPILATION_CONDITIONS = DEBUG;
				SWIFT_OPTIMIZATION_LEVEL = "-Onone";
			};
			name = Debug;
		};
		EA8390092A1767E400B0D8FD /* Release */ = {
			isa = XCBuildConfiguration;
			buildSettings = {
				ALWAYS_SEARCH_USER_PATHS = NO;
				CLANG_ANALYZER_NONNULL = YES;
				CLANG_ANALYZER_NUMBER_OBJECT_CONVERSION = YES_AGGRESSIVE;
				CLANG_CXX_LANGUAGE_STANDARD = "gnu++20";
				CLANG_ENABLE_MODULES = YES;
				CLANG_ENABLE_OBJC_ARC = YES;
				CLANG_ENABLE_OBJC_WEAK = YES;
				CLANG_WARN_BLOCK_CAPTURE_AUTORELEASING = YES;
				CLANG_WARN_BOOL_CONVERSION = YES;
				CLANG_WARN_COMMA = YES;
				CLANG_WARN_CONSTANT_CONVERSION = YES;
				CLANG_WARN_DEPRECATED_OBJC_IMPLEMENTATIONS = YES;
				CLANG_WARN_DIRECT_OBJC_ISA_USAGE = YES_ERROR;
				CLANG_WARN_DOCUMENTATION_COMMENTS = YES;
				CLANG_WARN_EMPTY_BODY = YES;
				CLANG_WARN_ENUM_CONVERSION = YES;
				CLANG_WARN_INFINITE_RECURSION = YES;
				CLANG_WARN_INT_CONVERSION = YES;
				CLANG_WARN_NON_LITERAL_NULL_CONVERSION = YES;
				CLANG_WARN_OBJC_IMPLICIT_RETAIN_SELF = YES;
				CLANG_WARN_OBJC_LITERAL_CONVERSION = YES;
				CLANG_WARN_OBJC_ROOT_CLASS = YES_ERROR;
				CLANG_WARN_QUOTED_INCLUDE_IN_FRAMEWORK_HEADER = YES;
				CLANG_WARN_RANGE_LOOP_ANALYSIS = YES;
				CLANG_WARN_STRICT_PROTOTYPES = YES;
				CLANG_WARN_SUSPICIOUS_MOVE = YES;
				CLANG_WARN_UNGUARDED_AVAILABILITY = YES_AGGRESSIVE;
				CLANG_WARN_UNREACHABLE_CODE = YES;
				CLANG_WARN__DUPLICATE_METHOD_MATCH = YES;
				COPY_PHASE_STRIP = NO;
				DEBUG_INFORMATION_FORMAT = "dwarf-with-dsym";
				ENABLE_NS_ASSERTIONS = NO;
				ENABLE_STRICT_OBJC_MSGSEND = YES;
				GCC_C_LANGUAGE_STANDARD = gnu11;
				GCC_NO_COMMON_BLOCKS = YES;
				GCC_WARN_64_TO_32_BIT_CONVERSION = YES;
				GCC_WARN_ABOUT_RETURN_TYPE = YES_ERROR;
				GCC_WARN_UNDECLARED_SELECTOR = YES;
				GCC_WARN_UNINITIALIZED_AUTOS = YES_AGGRESSIVE;
				GCC_WARN_UNUSED_FUNCTION = YES;
				GCC_WARN_UNUSED_VARIABLE = YES;
				IPHONEOS_DEPLOYMENT_TARGET = 16.4;
				MTL_ENABLE_DEBUG_INFO = NO;
				MTL_FAST_MATH = YES;
				SDKROOT = iphoneos;
				SWIFT_COMPILATION_MODE = wholemodule;
				SWIFT_OPTIMIZATION_LEVEL = "-O";
				VALIDATE_PRODUCT = YES;
			};
			name = Release;
		};
		EA83900B2A1767E400B0D8FD /* Debug */ = {
			isa = XCBuildConfiguration;
			baseConfigurationReference = 24F63305B3D89EA4CA3EFBF8 /* Pods-Alamofire_Practice.debug.xcconfig */;
			buildSettings = {
				ASSETCATALOG_COMPILER_APPICON_NAME = AppIcon;
				ASSETCATALOG_COMPILER_GLOBAL_ACCENT_COLOR_NAME = AccentColor;
				CODE_SIGN_STYLE = Automatic;
				CURRENT_PROJECT_VERSION = 1;
				DEVELOPMENT_TEAM = T9LJ52AQY5;
				GENERATE_INFOPLIST_FILE = YES;
				INFOPLIST_FILE = Alamofire_Practice/Info.plist;
				INFOPLIST_KEY_UIApplicationSupportsIndirectInputEvents = YES;
				INFOPLIST_KEY_UILaunchStoryboardName = LaunchScreen;
				INFOPLIST_KEY_UIMainStoryboardFile = Main;
				INFOPLIST_KEY_UISupportedInterfaceOrientations_iPad = "UIInterfaceOrientationPortrait UIInterfaceOrientationPortraitUpsideDown UIInterfaceOrientationLandscapeLeft UIInterfaceOrientationLandscapeRight";
				INFOPLIST_KEY_UISupportedInterfaceOrientations_iPhone = "UIInterfaceOrientationPortrait UIInterfaceOrientationLandscapeLeft UIInterfaceOrientationLandscapeRight";
				LD_RUNPATH_SEARCH_PATHS = (
					"$(inherited)",
					"@executable_path/Frameworks",
				);
				MARKETING_VERSION = 1.0;
				PRODUCT_BUNDLE_IDENTIFIER = "com.tistory.frenchmarigold.Alamofire-Practice";
				PRODUCT_NAME = "$(TARGET_NAME)";
				SWIFT_EMIT_LOC_STRINGS = YES;
				SWIFT_VERSION = 5.0;
				TARGETED_DEVICE_FAMILY = "1,2";
			};
			name = Debug;
		};
		EA83900C2A1767E400B0D8FD /* Release */ = {
			isa = XCBuildConfiguration;
			baseConfigurationReference = 0BA81BF3144EF705C7526257 /* Pods-Alamofire_Practice.release.xcconfig */;
			buildSettings = {
				ASSETCATALOG_COMPILER_APPICON_NAME = AppIcon;
				ASSETCATALOG_COMPILER_GLOBAL_ACCENT_COLOR_NAME = AccentColor;
				CODE_SIGN_STYLE = Automatic;
				CURRENT_PROJECT_VERSION = 1;
				DEVELOPMENT_TEAM = T9LJ52AQY5;
				GENERATE_INFOPLIST_FILE = YES;
				INFOPLIST_FILE = Alamofire_Practice/Info.plist;
				INFOPLIST_KEY_UIApplicationSupportsIndirectInputEvents = YES;
				INFOPLIST_KEY_UILaunchStoryboardName = LaunchScreen;
				INFOPLIST_KEY_UIMainStoryboardFile = Main;
				INFOPLIST_KEY_UISupportedInterfaceOrientations_iPad = "UIInterfaceOrientationPortrait UIInterfaceOrientationPortraitUpsideDown UIInterfaceOrientationLandscapeLeft UIInterfaceOrientationLandscapeRight";
				INFOPLIST_KEY_UISupportedInterfaceOrientations_iPhone = "UIInterfaceOrientationPortrait UIInterfaceOrientationLandscapeLeft UIInterfaceOrientationLandscapeRight";
				LD_RUNPATH_SEARCH_PATHS = (
					"$(inherited)",
					"@executable_path/Frameworks",
				);
				MARKETING_VERSION = 1.0;
				PRODUCT_BUNDLE_IDENTIFIER = "com.tistory.frenchmarigold.Alamofire-Practice";
				PRODUCT_NAME = "$(TARGET_NAME)";
				SWIFT_EMIT_LOC_STRINGS = YES;
				SWIFT_VERSION = 5.0;
				TARGETED_DEVICE_FAMILY = "1,2";
			};
			name = Release;
		};
/* End XCBuildConfiguration section */

/* Begin XCConfigurationList section */
		EA838FF12A1767E300B0D8FD /* Build configuration list for PBXProject "Alamofire_Practice" */ = {
			isa = XCConfigurationList;
			buildConfigurations = (
				EA8390082A1767E400B0D8FD /* Debug */,
				EA8390092A1767E400B0D8FD /* Release */,
			);
			defaultConfigurationIsVisible = 0;
			defaultConfigurationName = Release;
		};
		EA83900A2A1767E400B0D8FD /* Build configuration list for PBXNativeTarget "Alamofire_Practice" */ = {
			isa = XCConfigurationList;
			buildConfigurations = (
				EA83900B2A1767E400B0D8FD /* Debug */,
				EA83900C2A1767E400B0D8FD /* Release */,
			);
			defaultConfigurationIsVisible = 0;
			defaultConfigurationName = Release;
		};
/* End XCConfigurationList section */
	};
	rootObject = EA838FEE2A1767E300B0D8FD /* Project object */;
}
